// !$*UTF8*$!
{
	archiveVersion = 1;
	classes = {
	};
	objectVersion = 56;
	objects = {

/* Begin PBXBuildFile section */
		0715DE512B0AAB1600A6E46C /* AppMenuBar.swift in Sources */ = {isa = PBXBuildFile; fileRef = 0715DE502B0AAB1600A6E46C /* AppMenuBar.swift */; };
		0715DE542B0AAC2700A6E46C /* SFSafeSymbols in Frameworks */ = {isa = PBXBuildFile; productRef = 0715DE532B0AAC2700A6E46C /* SFSafeSymbols */; };
		073BE56F2B078D5600B23112 /* ActivityIndicatorView in Frameworks */ = {isa = PBXBuildFile; productRef = 073BE56E2B078D5600B23112 /* ActivityIndicatorView */; };
		073BE5962B07AD3700B23112 /* AppMain.swift in Sources */ = {isa = PBXBuildFile; fileRef = 073BE58F2B07AD3700B23112 /* AppMain.swift */; };
		073BE59D2B07AE4700B23112 /* KeyboardShortcuts in Frameworks */ = {isa = PBXBuildFile; productRef = 073BE59C2B07AE4700B23112 /* KeyboardShortcuts */; };
		0742F49E2B0FFC8700B95465 /* OuterSpace.xcdatamodeld in Sources */ = {isa = PBXBuildFile; fileRef = 0742F49C2B0FFC8700B95465 /* OuterSpace.xcdatamodeld */; };
		0742F4A02B1035C700B95465 /* ExclusiveToggleView.swift in Sources */ = {isa = PBXBuildFile; fileRef = 0742F49F2B1035C700B95465 /* ExclusiveToggleView.swift */; };
		0742F4A22B1037FD00B95465 /* DisplaySpacesView.swift in Sources */ = {isa = PBXBuildFile; fileRef = 0742F4A12B1037FD00B95465 /* DisplaySpacesView.swift */; };
		0742F4A52B10447700B95465 /* FocusViewModel.swift in Sources */ = {isa = PBXBuildFile; fileRef = 0742F4A42B10447700B95465 /* FocusViewModel.swift */; };
		0742F4A72B1191E500B95465 /* SpacesViewModel.swift in Sources */ = {isa = PBXBuildFile; fileRef = 0742F4A62B1191E500B95465 /* SpacesViewModel.swift */; };
		076ED57B2B0EF773005931DB /* SpaceInfoView.swift in Sources */ = {isa = PBXBuildFile; fileRef = 076ED57A2B0EF773005931DB /* SpaceInfoView.swift */; };
		076ED5852B0FED2D005931DB /* Focus.swift in Sources */ = {isa = PBXBuildFile; fileRef = 076ED5842B0FED2D005931DB /* Focus.swift */; };
		07A626A82B06C64A0013FE80 /* Assets.xcassets in Resources */ = {isa = PBXBuildFile; fileRef = 07A626A72B06C64A0013FE80 /* Assets.xcassets */; };
		07A626AB2B06C64A0013FE80 /* Preview Assets.xcassets in Resources */ = {isa = PBXBuildFile; fileRef = 07A626AA2B06C64A0013FE80 /* Preview Assets.xcassets */; };
		07CD7B942B06C8F200D39387 /* FocusFilter.swift in Sources */ = {isa = PBXBuildFile; fileRef = 07CD7B932B06C8F200D39387 /* FocusFilter.swift */; };
		07CD7B972B06C9F600D39387 /* AppEntity.swift in Sources */ = {isa = PBXBuildFile; fileRef = 07CD7B962B06C9F600D39387 /* AppEntity.swift */; };
		07CD7B9B2B06D1F700D39387 /* Localizable.xcstrings in Resources */ = {isa = PBXBuildFile; fileRef = 07CD7B9A2B06D1F700D39387 /* Localizable.xcstrings */; };
		07F3F5C82B0BD5E300AB00CB /* SpaceStore.swift in Sources */ = {isa = PBXBuildFile; fileRef = 07F3F5C72B0BD5E300AB00CB /* SpaceStore.swift */; };
		07F3F5CA2B0BFC3200AB00CB /* SpacesView.swift in Sources */ = {isa = PBXBuildFile; fileRef = 07F3F5C92B0BFC3200AB00CB /* SpacesView.swift */; };
		07F3F5CF2B0C132D00AB00CB /* PersistenceController.swift in Sources */ = {isa = PBXBuildFile; fileRef = 07F3F5CE2B0C132D00AB00CB /* PersistenceController.swift */; };
		07FEE3242B07B23C00419E50 /* Sparkle in Frameworks */ = {isa = PBXBuildFile; productRef = 07FEE3232B07B23C00419E50 /* Sparkle */; };
		07FEE3272B07B2CF00419E50 /* LaunchAtLogin in Frameworks */ = {isa = PBXBuildFile; productRef = 07FEE3262B07B2CF00419E50 /* LaunchAtLogin */; };
		07FEE3302B07B2EA00419E50 /* Space.swift in Sources */ = {isa = PBXBuildFile; fileRef = 07FEE32D2B07B2EA00419E50 /* Space.swift */; };
		07FEE3352B07B2EF00419E50 /* SpaceObserver.swift in Sources */ = {isa = PBXBuildFile; fileRef = 07FEE3332B07B2EF00419E50 /* SpaceObserver.swift */; };
		07FEE3392B07E53400419E50 /* DesktopSpaces.swift in Sources */ = {isa = PBXBuildFile; fileRef = 07FEE3382B07E53400419E50 /* DesktopSpaces.swift */; };
/* End PBXBuildFile section */

/* Begin PBXFileReference section */
		0715DE502B0AAB1600A6E46C /* AppMenuBar.swift */ = {isa = PBXFileReference; lastKnownFileType = sourcecode.swift; path = AppMenuBar.swift; sourceTree = "<group>"; };
		073BE58F2B07AD3700B23112 /* AppMain.swift */ = {isa = PBXFileReference; fileEncoding = 4; lastKnownFileType = sourcecode.swift; path = AppMain.swift; sourceTree = "<group>"; };
		0742F49D2B0FFC8700B95465 /* OuterSpace.xcdatamodel */ = {isa = PBXFileReference; lastKnownFileType = wrapper.xcdatamodel; path = OuterSpace.xcdatamodel; sourceTree = "<group>"; };
		0742F49F2B1035C700B95465 /* ExclusiveToggleView.swift */ = {isa = PBXFileReference; lastKnownFileType = sourcecode.swift; path = ExclusiveToggleView.swift; sourceTree = "<group>"; };
		0742F4A12B1037FD00B95465 /* DisplaySpacesView.swift */ = {isa = PBXFileReference; lastKnownFileType = sourcecode.swift; path = DisplaySpacesView.swift; sourceTree = "<group>"; };
		0742F4A42B10447700B95465 /* FocusViewModel.swift */ = {isa = PBXFileReference; lastKnownFileType = sourcecode.swift; path = FocusViewModel.swift; sourceTree = "<group>"; };
		0742F4A62B1191E500B95465 /* SpacesViewModel.swift */ = {isa = PBXFileReference; lastKnownFileType = sourcecode.swift; path = SpacesViewModel.swift; sourceTree = "<group>"; };
		076ED57A2B0EF773005931DB /* SpaceInfoView.swift */ = {isa = PBXFileReference; lastKnownFileType = sourcecode.swift; path = SpaceInfoView.swift; sourceTree = "<group>"; };
		076ED5842B0FED2D005931DB /* Focus.swift */ = {isa = PBXFileReference; lastKnownFileType = sourcecode.swift; path = Focus.swift; sourceTree = "<group>"; };
		07A626A02B06C6480013FE80 /* Outer Spaces.app */ = {isa = PBXFileReference; explicitFileType = wrapper.application; includeInIndex = 0; path = "Outer Spaces.app"; sourceTree = BUILT_PRODUCTS_DIR; };
		07A626A72B06C64A0013FE80 /* Assets.xcassets */ = {isa = PBXFileReference; lastKnownFileType = folder.assetcatalog; path = Assets.xcassets; sourceTree = "<group>"; };
		07A626AA2B06C64A0013FE80 /* Preview Assets.xcassets */ = {isa = PBXFileReference; lastKnownFileType = folder.assetcatalog; path = "Preview Assets.xcassets"; sourceTree = "<group>"; };
		07A626AC2B06C64A0013FE80 /* Outer_Spaces.entitlements */ = {isa = PBXFileReference; lastKnownFileType = text.plist.entitlements; path = Outer_Spaces.entitlements; sourceTree = "<group>"; };
		07CD7B932B06C8F200D39387 /* FocusFilter.swift */ = {isa = PBXFileReference; lastKnownFileType = sourcecode.swift; path = FocusFilter.swift; sourceTree = "<group>"; };
		07CD7B952B06C91D00D39387 /* Outer-Spaces-Info.plist */ = {isa = PBXFileReference; lastKnownFileType = text.plist; path = "Outer-Spaces-Info.plist"; sourceTree = SOURCE_ROOT; };
		07CD7B962B06C9F600D39387 /* AppEntity.swift */ = {isa = PBXFileReference; lastKnownFileType = sourcecode.swift; path = AppEntity.swift; sourceTree = "<group>"; };
		07CD7B9A2B06D1F700D39387 /* Localizable.xcstrings */ = {isa = PBXFileReference; lastKnownFileType = text.json.xcstrings; path = Localizable.xcstrings; sourceTree = "<group>"; };
		07F3F5C72B0BD5E300AB00CB /* SpaceStore.swift */ = {isa = PBXFileReference; lastKnownFileType = sourcecode.swift; path = SpaceStore.swift; sourceTree = "<group>"; };
		07F3F5C92B0BFC3200AB00CB /* SpacesView.swift */ = {isa = PBXFileReference; lastKnownFileType = sourcecode.swift; path = SpacesView.swift; sourceTree = "<group>"; };
		07F3F5CE2B0C132D00AB00CB /* PersistenceController.swift */ = {isa = PBXFileReference; lastKnownFileType = sourcecode.swift; path = PersistenceController.swift; sourceTree = "<group>"; };
		07FEE32D2B07B2EA00419E50 /* Space.swift */ = {isa = PBXFileReference; fileEncoding = 4; lastKnownFileType = sourcecode.swift; path = Space.swift; sourceTree = "<group>"; };
		07FEE3332B07B2EF00419E50 /* SpaceObserver.swift */ = {isa = PBXFileReference; fileEncoding = 4; lastKnownFileType = sourcecode.swift; path = SpaceObserver.swift; sourceTree = "<group>"; };
		07FEE3362B07B3C600419E50 /* Spaceman-Bridging-Header.h */ = {isa = PBXFileReference; lastKnownFileType = sourcecode.c.h; path = "Spaceman-Bridging-Header.h"; sourceTree = "<group>"; };
		07FEE3382B07E53400419E50 /* DesktopSpaces.swift */ = {isa = PBXFileReference; lastKnownFileType = sourcecode.swift; path = DesktopSpaces.swift; sourceTree = "<group>"; };
/* End PBXFileReference section */

/* Begin PBXFrameworksBuildPhase section */
		07A6269D2B06C6480013FE80 /* Frameworks */ = {
			isa = PBXFrameworksBuildPhase;
			buildActionMask = 2147483647;
			files = (
				0715DE542B0AAC2700A6E46C /* SFSafeSymbols in Frameworks */,
				07FEE3242B07B23C00419E50 /* Sparkle in Frameworks */,
				073BE56F2B078D5600B23112 /* ActivityIndicatorView in Frameworks */,
				07FEE3272B07B2CF00419E50 /* LaunchAtLogin in Frameworks */,
				073BE59D2B07AE4700B23112 /* KeyboardShortcuts in Frameworks */,
			);
			runOnlyForDeploymentPostprocessing = 0;
		};
/* End PBXFrameworksBuildPhase section */

/* Begin PBXGroup section */
		0742F4A32B10445A00B95465 /* ViewModel */ = {
			isa = PBXGroup;
			children = (
				0742F4A42B10447700B95465 /* FocusViewModel.swift */,
				0742F4A62B1191E500B95465 /* SpacesViewModel.swift */,
			);
			path = ViewModel;
			sourceTree = "<group>";
		};
		07A626972B06C6480013FE80 = {
			isa = PBXGroup;
			children = (
				07A626A22B06C6480013FE80 /* Outer Spaces */,
				07A626A12B06C6480013FE80 /* Products */,
			);
			sourceTree = "<group>";
		};
		07A626A12B06C6480013FE80 /* Products */ = {
			isa = PBXGroup;
			children = (
				07A626A02B06C6480013FE80 /* Outer Spaces.app */,
			);
			name = Products;
			sourceTree = "<group>";
		};
		07A626A22B06C6480013FE80 /* Outer Spaces */ = {
			isa = PBXGroup;
			children = (
				0742F4A32B10445A00B95465 /* ViewModel */,
				07FEE3372B07B8ED00419E50 /* Model */,
				07FEE3362B07B3C600419E50 /* Spaceman-Bridging-Header.h */,
				07FEE3152B07AF5C00419E50 /* View */,
				073BE58F2B07AD3700B23112 /* AppMain.swift */,
				07CD7B952B06C91D00D39387 /* Outer-Spaces-Info.plist */,
				07CD7B9A2B06D1F700D39387 /* Localizable.xcstrings */,
				07CD7B912B06C8D300D39387 /* System */,
				07A626A72B06C64A0013FE80 /* Assets.xcassets */,
				07A626AC2B06C64A0013FE80 /* Outer_Spaces.entitlements */,
				07A626A92B06C64A0013FE80 /* Preview Content */,
			);
			path = "Outer Spaces";
			sourceTree = "<group>";
		};
		07A626A92B06C64A0013FE80 /* Preview Content */ = {
			isa = PBXGroup;
			children = (
				07A626AA2B06C64A0013FE80 /* Preview Assets.xcassets */,
			);
			path = "Preview Content";
			sourceTree = "<group>";
		};
		07CD7B912B06C8D300D39387 /* System */ = {
			isa = PBXGroup;
			children = (
				07F3F5C62B0BD5CE00AB00CB /* Storage */,
				07FEE3332B07B2EF00419E50 /* SpaceObserver.swift */,
				07CD7B922B06C8E400D39387 /* Focus */,
			);
			path = System;
			sourceTree = "<group>";
		};
		07CD7B922B06C8E400D39387 /* Focus */ = {
			isa = PBXGroup;
			children = (
				07CD7B932B06C8F200D39387 /* FocusFilter.swift */,
				07CD7B962B06C9F600D39387 /* AppEntity.swift */,
			);
			path = Focus;
			sourceTree = "<group>";
		};
		07F3F5C62B0BD5CE00AB00CB /* Storage */ = {
			isa = PBXGroup;
			children = (
				07F3F5C72B0BD5E300AB00CB /* SpaceStore.swift */,
				07F3F5CE2B0C132D00AB00CB /* PersistenceController.swift */,
			);
			path = Storage;
			sourceTree = "<group>";
		};
		07FEE3152B07AF5C00419E50 /* View */ = {
			isa = PBXGroup;
			children = (
				0715DE502B0AAB1600A6E46C /* AppMenuBar.swift */,
				07F3F5C92B0BFC3200AB00CB /* SpacesView.swift */,
				076ED57A2B0EF773005931DB /* SpaceInfoView.swift */,
				0742F49F2B1035C700B95465 /* ExclusiveToggleView.swift */,
				0742F4A12B1037FD00B95465 /* DisplaySpacesView.swift */,
			);
			path = View;
			sourceTree = "<group>";
		};
		07FEE3372B07B8ED00419E50 /* Model */ = {
			isa = PBXGroup;
			children = (
				07FEE32D2B07B2EA00419E50 /* Space.swift */,
				07FEE3382B07E53400419E50 /* DesktopSpaces.swift */,
				076ED5842B0FED2D005931DB /* Focus.swift */,
				0742F49C2B0FFC8700B95465 /* OuterSpace.xcdatamodeld */,
			);
			path = Model;
			sourceTree = "<group>";
		};
/* End PBXGroup section */

/* Begin PBXNativeTarget section */
		07A6269F2B06C6480013FE80 /* Outer Spaces */ = {
			isa = PBXNativeTarget;
			buildConfigurationList = 07A626AF2B06C64A0013FE80 /* Build configuration list for PBXNativeTarget "Outer Spaces" */;
			buildPhases = (
				07A6269C2B06C6480013FE80 /* Sources */,
				07A6269D2B06C6480013FE80 /* Frameworks */,
				07A6269E2B06C6480013FE80 /* Resources */,
			);
			buildRules = (
			);
			dependencies = (
			);
			name = "Outer Spaces";
			packageProductDependencies = (
				073BE56E2B078D5600B23112 /* ActivityIndicatorView */,
				073BE59C2B07AE4700B23112 /* KeyboardShortcuts */,
				07FEE3232B07B23C00419E50 /* Sparkle */,
				07FEE3262B07B2CF00419E50 /* LaunchAtLogin */,
				0715DE532B0AAC2700A6E46C /* SFSafeSymbols */,
			);
			productName = "Outer Spaces";
			productReference = 07A626A02B06C6480013FE80 /* Outer Spaces.app */;
			productType = "com.apple.product-type.application";
		};
/* End PBXNativeTarget section */

/* Begin PBXProject section */
		07A626982B06C6480013FE80 /* Project object */ = {
			isa = PBXProject;
			attributes = {
				BuildIndependentTargetsInParallel = 1;
				LastSwiftUpdateCheck = 1500;
				LastUpgradeCheck = 1500;
				TargetAttributes = {
					07A6269F2B06C6480013FE80 = {
						CreatedOnToolsVersion = 15.0.1;
					};
				};
			};
			buildConfigurationList = 07A6269B2B06C6480013FE80 /* Build configuration list for PBXProject "Outer Spaces" */;
			compatibilityVersion = "Xcode 14.0";
			developmentRegion = en;
			hasScannedForEncodings = 0;
			knownRegions = (
				en,
				Base,
				"pt-BR",
			);
			mainGroup = 07A626972B06C6480013FE80;
			packageReferences = (
				073BE56D2B078D5600B23112 /* XCRemoteSwiftPackageReference "ActivityIndicatorView" */,
				073BE59B2B07AE4700B23112 /* XCRemoteSwiftPackageReference "KeyboardShortcuts" */,
				07FEE3222B07B23C00419E50 /* XCRemoteSwiftPackageReference "Sparkle" */,
				07FEE3252B07B2CF00419E50 /* XCRemoteSwiftPackageReference "LaunchAtLogin" */,
				0715DE522B0AAC2700A6E46C /* XCRemoteSwiftPackageReference "SFSafeSymbols" */,
			);
			productRefGroup = 07A626A12B06C6480013FE80 /* Products */;
			projectDirPath = "";
			projectRoot = "";
			targets = (
				07A6269F2B06C6480013FE80 /* Outer Spaces */,
			);
		};
/* End PBXProject section */

/* Begin PBXResourcesBuildPhase section */
		07A6269E2B06C6480013FE80 /* Resources */ = {
			isa = PBXResourcesBuildPhase;
			buildActionMask = 2147483647;
			files = (
				07A626AB2B06C64A0013FE80 /* Preview Assets.xcassets in Resources */,
				07A626A82B06C64A0013FE80 /* Assets.xcassets in Resources */,
				07CD7B9B2B06D1F700D39387 /* Localizable.xcstrings in Resources */,
			);
			runOnlyForDeploymentPostprocessing = 0;
		};
/* End PBXResourcesBuildPhase section */

/* Begin PBXSourcesBuildPhase section */
		07A6269C2B06C6480013FE80 /* Sources */ = {
			isa = PBXSourcesBuildPhase;
			buildActionMask = 2147483647;
			files = (
				076ED5852B0FED2D005931DB /* Focus.swift in Sources */,
				073BE5962B07AD3700B23112 /* AppMain.swift in Sources */,
				0742F4A22B1037FD00B95465 /* DisplaySpacesView.swift in Sources */,
				07CD7B972B06C9F600D39387 /* AppEntity.swift in Sources */,
				0742F4A72B1191E500B95465 /* SpacesViewModel.swift in Sources */,
				07FEE3352B07B2EF00419E50 /* SpaceObserver.swift in Sources */,
				07F3F5CF2B0C132D00AB00CB /* PersistenceController.swift in Sources */,
				076ED57B2B0EF773005931DB /* SpaceInfoView.swift in Sources */,
				0742F4A02B1035C700B95465 /* ExclusiveToggleView.swift in Sources */,
				07F3F5C82B0BD5E300AB00CB /* SpaceStore.swift in Sources */,
				07F3F5CA2B0BFC3200AB00CB /* SpacesView.swift in Sources */,
				0742F49E2B0FFC8700B95465 /* OuterSpace.xcdatamodeld in Sources */,
				0742F4A52B10447700B95465 /* FocusViewModel.swift in Sources */,
				07FEE3302B07B2EA00419E50 /* Space.swift in Sources */,
				07CD7B942B06C8F200D39387 /* FocusFilter.swift in Sources */,
				0715DE512B0AAB1600A6E46C /* AppMenuBar.swift in Sources */,
				07FEE3392B07E53400419E50 /* DesktopSpaces.swift in Sources */,
			);
			runOnlyForDeploymentPostprocessing = 0;
		};
/* End PBXSourcesBuildPhase section */

/* Begin XCBuildConfiguration section */
		07A626AD2B06C64A0013FE80 /* Debug */ = {
			isa = XCBuildConfiguration;
			buildSettings = {
				ALWAYS_SEARCH_USER_PATHS = NO;
				ASSETCATALOG_COMPILER_GENERATE_SWIFT_ASSET_SYMBOL_EXTENSIONS = YES;
				CLANG_ANALYZER_NONNULL = YES;
				CLANG_ANALYZER_NUMBER_OBJECT_CONVERSION = YES_AGGRESSIVE;
				CLANG_CXX_LANGUAGE_STANDARD = "gnu++20";
				CLANG_ENABLE_MODULES = YES;
				CLANG_ENABLE_OBJC_ARC = YES;
				CLANG_ENABLE_OBJC_WEAK = YES;
				CLANG_WARN_BLOCK_CAPTURE_AUTORELEASING = YES;
				CLANG_WARN_BOOL_CONVERSION = YES;
				CLANG_WARN_COMMA = YES;
				CLANG_WARN_CONSTANT_CONVERSION = YES;
				CLANG_WARN_DEPRECATED_OBJC_IMPLEMENTATIONS = YES;
				CLANG_WARN_DIRECT_OBJC_ISA_USAGE = YES_ERROR;
				CLANG_WARN_DOCUMENTATION_COMMENTS = YES;
				CLANG_WARN_EMPTY_BODY = YES;
				CLANG_WARN_ENUM_CONVERSION = YES;
				CLANG_WARN_INFINITE_RECURSION = YES;
				CLANG_WARN_INT_CONVERSION = YES;
				CLANG_WARN_NON_LITERAL_NULL_CONVERSION = YES;
				CLANG_WARN_OBJC_IMPLICIT_RETAIN_SELF = YES;
				CLANG_WARN_OBJC_LITERAL_CONVERSION = YES;
				CLANG_WARN_OBJC_ROOT_CLASS = YES_ERROR;
				CLANG_WARN_QUOTED_INCLUDE_IN_FRAMEWORK_HEADER = YES;
				CLANG_WARN_RANGE_LOOP_ANALYSIS = YES;
				CLANG_WARN_STRICT_PROTOTYPES = YES;
				CLANG_WARN_SUSPICIOUS_MOVE = YES;
				CLANG_WARN_UNGUARDED_AVAILABILITY = YES_AGGRESSIVE;
				CLANG_WARN_UNREACHABLE_CODE = YES;
				CLANG_WARN__DUPLICATE_METHOD_MATCH = YES;
				COPY_PHASE_STRIP = NO;
				DEBUG_INFORMATION_FORMAT = dwarf;
				ENABLE_STRICT_OBJC_MSGSEND = YES;
				ENABLE_TESTABILITY = YES;
				ENABLE_USER_SCRIPT_SANDBOXING = YES;
				GCC_C_LANGUAGE_STANDARD = gnu17;
				GCC_DYNAMIC_NO_PIC = NO;
				GCC_NO_COMMON_BLOCKS = YES;
				GCC_OPTIMIZATION_LEVEL = 0;
				GCC_PREPROCESSOR_DEFINITIONS = (
					"DEBUG=1",
					"$(inherited)",
				);
				GCC_WARN_64_TO_32_BIT_CONVERSION = YES;
				GCC_WARN_ABOUT_RETURN_TYPE = YES_ERROR;
				GCC_WARN_UNDECLARED_SELECTOR = YES;
				GCC_WARN_UNINITIALIZED_AUTOS = YES_AGGRESSIVE;
				GCC_WARN_UNUSED_FUNCTION = YES;
				GCC_WARN_UNUSED_VARIABLE = YES;
				INFOPLIST_KEY_NSAppleEventsUsageDescription = "";
				LOCALIZATION_PREFERS_STRING_CATALOGS = YES;
				MACOSX_DEPLOYMENT_TARGET = 14.0;
				MTL_ENABLE_DEBUG_INFO = INCLUDE_SOURCE;
				MTL_FAST_MATH = YES;
				ONLY_ACTIVE_ARCH = YES;
				SDKROOT = macosx;
				SWIFT_ACTIVE_COMPILATION_CONDITIONS = "DEBUG $(inherited)";
				SWIFT_OPTIMIZATION_LEVEL = "-Onone";
			};
			name = Debug;
		};
		07A626AE2B06C64A0013FE80 /* Release */ = {
			isa = XCBuildConfiguration;
			buildSettings = {
				ALWAYS_SEARCH_USER_PATHS = NO;
				ASSETCATALOG_COMPILER_GENERATE_SWIFT_ASSET_SYMBOL_EXTENSIONS = YES;
				CLANG_ANALYZER_NONNULL = YES;
				CLANG_ANALYZER_NUMBER_OBJECT_CONVERSION = YES_AGGRESSIVE;
				CLANG_CXX_LANGUAGE_STANDARD = "gnu++20";
				CLANG_ENABLE_MODULES = YES;
				CLANG_ENABLE_OBJC_ARC = YES;
				CLANG_ENABLE_OBJC_WEAK = YES;
				CLANG_WARN_BLOCK_CAPTURE_AUTORELEASING = YES;
				CLANG_WARN_BOOL_CONVERSION = YES;
				CLANG_WARN_COMMA = YES;
				CLANG_WARN_CONSTANT_CONVERSION = YES;
				CLANG_WARN_DEPRECATED_OBJC_IMPLEMENTATIONS = YES;
				CLANG_WARN_DIRECT_OBJC_ISA_USAGE = YES_ERROR;
				CLANG_WARN_DOCUMENTATION_COMMENTS = YES;
				CLANG_WARN_EMPTY_BODY = YES;
				CLANG_WARN_ENUM_CONVERSION = YES;
				CLANG_WARN_INFINITE_RECURSION = YES;
				CLANG_WARN_INT_CONVERSION = YES;
				CLANG_WARN_NON_LITERAL_NULL_CONVERSION = YES;
				CLANG_WARN_OBJC_IMPLICIT_RETAIN_SELF = YES;
				CLANG_WARN_OBJC_LITERAL_CONVERSION = YES;
				CLANG_WARN_OBJC_ROOT_CLASS = YES_ERROR;
				CLANG_WARN_QUOTED_INCLUDE_IN_FRAMEWORK_HEADER = YES;
				CLANG_WARN_RANGE_LOOP_ANALYSIS = YES;
				CLANG_WARN_STRICT_PROTOTYPES = YES;
				CLANG_WARN_SUSPICIOUS_MOVE = YES;
				CLANG_WARN_UNGUARDED_AVAILABILITY = YES_AGGRESSIVE;
				CLANG_WARN_UNREACHABLE_CODE = YES;
				CLANG_WARN__DUPLICATE_METHOD_MATCH = YES;
				COPY_PHASE_STRIP = NO;
				DEBUG_INFORMATION_FORMAT = "dwarf-with-dsym";
				ENABLE_NS_ASSERTIONS = NO;
				ENABLE_STRICT_OBJC_MSGSEND = YES;
				ENABLE_USER_SCRIPT_SANDBOXING = YES;
				GCC_C_LANGUAGE_STANDARD = gnu17;
				GCC_NO_COMMON_BLOCKS = YES;
				GCC_WARN_64_TO_32_BIT_CONVERSION = YES;
				GCC_WARN_ABOUT_RETURN_TYPE = YES_ERROR;
				GCC_WARN_UNDECLARED_SELECTOR = YES;
				GCC_WARN_UNINITIALIZED_AUTOS = YES_AGGRESSIVE;
				GCC_WARN_UNUSED_FUNCTION = YES;
				GCC_WARN_UNUSED_VARIABLE = YES;
				INFOPLIST_KEY_NSAppleEventsUsageDescription = "";
				LOCALIZATION_PREFERS_STRING_CATALOGS = YES;
				MACOSX_DEPLOYMENT_TARGET = 14.0;
				MTL_ENABLE_DEBUG_INFO = NO;
				MTL_FAST_MATH = YES;
				SDKROOT = macosx;
				SWIFT_COMPILATION_MODE = wholemodule;
			};
			name = Release;
		};
		07A626B02B06C64A0013FE80 /* Debug */ = {
			isa = XCBuildConfiguration;
			buildSettings = {
				ASSETCATALOG_COMPILER_APPICON_NAME = AppIcon;
				ASSETCATALOG_COMPILER_GLOBAL_ACCENT_COLOR_NAME = AccentColor;
				CODE_SIGN_ENTITLEMENTS = "Outer Spaces/Outer_Spaces.entitlements";
				CODE_SIGN_STYLE = Automatic;
				COMBINE_HIDPI_IMAGES = YES;
				CURRENT_PROJECT_VERSION = 1;
				DEVELOPMENT_ASSET_PATHS = "\"Outer Spaces/Preview Content\"";
				DEVELOPMENT_TEAM = D8A3VX836S;
				ENABLE_HARDENED_RUNTIME = YES;
				ENABLE_PREVIEWS = YES;
				GENERATE_INFOPLIST_FILE = YES;
				INFOPLIST_FILE = "Outer-Spaces-Info.plist";
				INFOPLIST_KEY_LSUIElement = YES;
				INFOPLIST_KEY_NSAppleEventsUsageDescription = "This demo application wants to send AppleEvents.";
				LD_RUNPATH_SEARCH_PATHS = (
					"$(inherited)",
					"@executable_path/../Frameworks",
				);
				MACOSX_DEPLOYMENT_TARGET = 14.0;
				MARKETING_VERSION = 1.0;
				PRODUCT_BUNDLE_IDENTIFIER = "dev.lospi.Outer-Spaces";
				PRODUCT_NAME = "$(TARGET_NAME)";
				SWIFT_EMIT_LOC_STRINGS = YES;
				SWIFT_OBJC_BRIDGING_HEADER = "Outer Spaces/Spaceman-Bridging-Header.h";
				SWIFT_VERSION = 5.0;
			};
			name = Debug;
		};
		07A626B12B06C64A0013FE80 /* Release */ = {
			isa = XCBuildConfiguration;
			buildSettings = {
				ASSETCATALOG_COMPILER_APPICON_NAME = AppIcon;
				ASSETCATALOG_COMPILER_GLOBAL_ACCENT_COLOR_NAME = AccentColor;
				CODE_SIGN_ENTITLEMENTS = "Outer Spaces/Outer_Spaces.entitlements";
				CODE_SIGN_STYLE = Automatic;
				COMBINE_HIDPI_IMAGES = YES;
				CURRENT_PROJECT_VERSION = 1;
				DEVELOPMENT_ASSET_PATHS = "\"Outer Spaces/Preview Content\"";
				DEVELOPMENT_TEAM = D8A3VX836S;
				ENABLE_HARDENED_RUNTIME = YES;
				ENABLE_PREVIEWS = YES;
				GENERATE_INFOPLIST_FILE = YES;
				INFOPLIST_FILE = "Outer-Spaces-Info.plist";
				INFOPLIST_KEY_LSUIElement = YES;
				INFOPLIST_KEY_NSAppleEventsUsageDescription = "This demo application wants to send AppleEvents.";
				LD_RUNPATH_SEARCH_PATHS = (
					"$(inherited)",
					"@executable_path/../Frameworks",
				);
				MACOSX_DEPLOYMENT_TARGET = 14.0;
				MARKETING_VERSION = 1.0;
				PRODUCT_BUNDLE_IDENTIFIER = "dev.lospi.Outer-Spaces";
				PRODUCT_NAME = "$(TARGET_NAME)";
				SWIFT_EMIT_LOC_STRINGS = YES;
				SWIFT_OBJC_BRIDGING_HEADER = "Outer Spaces/Spaceman-Bridging-Header.h";
				SWIFT_VERSION = 5.0;
			};
			name = Release;
		};
/* End XCBuildConfiguration section */

/* Begin XCConfigurationList section */
		07A6269B2B06C6480013FE80 /* Build configuration list for PBXProject "Outer Spaces" */ = {
			isa = XCConfigurationList;
			buildConfigurations = (
				07A626AD2B06C64A0013FE80 /* Debug */,
				07A626AE2B06C64A0013FE80 /* Release */,
			);
			defaultConfigurationIsVisible = 0;
			defaultConfigurationName = Release;
		};
		07A626AF2B06C64A0013FE80 /* Build configuration list for PBXNativeTarget "Outer Spaces" */ = {
			isa = XCConfigurationList;
			buildConfigurations = (
				07A626B02B06C64A0013FE80 /* Debug */,
				07A626B12B06C64A0013FE80 /* Release */,
			);
			defaultConfigurationIsVisible = 0;
			defaultConfigurationName = Release;
		};
/* End XCConfigurationList section */

/* Begin XCRemoteSwiftPackageReference section */
		0715DE522B0AAC2700A6E46C /* XCRemoteSwiftPackageReference "SFSafeSymbols" */ = {
			isa = XCRemoteSwiftPackageReference;
			repositoryURL = "https://github.com/SFSafeSymbols/SFSafeSymbols.git";
			requirement = {
				kind = upToNextMajorVersion;
				minimumVersion = 4.1.1;
			};
		};
		073BE56D2B078D5600B23112 /* XCRemoteSwiftPackageReference "ActivityIndicatorView" */ = {
			isa = XCRemoteSwiftPackageReference;
			repositoryURL = "https://github.com/exyte/ActivityIndicatorView/";
			requirement = {
				kind = upToNextMajorVersion;
				minimumVersion = 1.1.1;
			};
		};
		073BE59B2B07AE4700B23112 /* XCRemoteSwiftPackageReference "KeyboardShortcuts" */ = {
			isa = XCRemoteSwiftPackageReference;
			repositoryURL = "https://github.com/sindresorhus/KeyboardShortcuts";
			requirement = {
				kind = upToNextMajorVersion;
				minimumVersion = 1.16.0;
			};
		};
		07FEE3222B07B23C00419E50 /* XCRemoteSwiftPackageReference "Sparkle" */ = {
			isa = XCRemoteSwiftPackageReference;
			repositoryURL = "https://github.com/sparkle-project/Sparkle";
			requirement = {
				kind = upToNextMajorVersion;
				minimumVersion = 2.5.1;
			};
		};
		07FEE3252B07B2CF00419E50 /* XCRemoteSwiftPackageReference "LaunchAtLogin" */ = {
			isa = XCRemoteSwiftPackageReference;
			repositoryURL = "https://github.com/sindresorhus/LaunchAtLogin";
			requirement = {
				branch = main;
				kind = branch;
			};
		};
/* End XCRemoteSwiftPackageReference section */

/* Begin XCSwiftPackageProductDependency section */
		0715DE532B0AAC2700A6E46C /* SFSafeSymbols */ = {
			isa = XCSwiftPackageProductDependency;
			package = 0715DE522B0AAC2700A6E46C /* XCRemoteSwiftPackageReference "SFSafeSymbols" */;
			productName = SFSafeSymbols;
		};
		073BE56E2B078D5600B23112 /* ActivityIndicatorView */ = {
			isa = XCSwiftPackageProductDependency;
			package = 073BE56D2B078D5600B23112 /* XCRemoteSwiftPackageReference "ActivityIndicatorView" */;
			productName = ActivityIndicatorView;
		};
		073BE59C2B07AE4700B23112 /* KeyboardShortcuts */ = {
			isa = XCSwiftPackageProductDependency;
			package = 073BE59B2B07AE4700B23112 /* XCRemoteSwiftPackageReference "KeyboardShortcuts" */;
			productName = KeyboardShortcuts;
		};
		07FEE3232B07B23C00419E50 /* Sparkle */ = {
			isa = XCSwiftPackageProductDependency;
			package = 07FEE3222B07B23C00419E50 /* XCRemoteSwiftPackageReference "Sparkle" */;
			productName = Sparkle;
		};
		07FEE3262B07B2CF00419E50 /* LaunchAtLogin */ = {
			isa = XCSwiftPackageProductDependency;
			package = 07FEE3252B07B2CF00419E50 /* XCRemoteSwiftPackageReference "LaunchAtLogin" */;
			productName = LaunchAtLogin;
		};
/* End XCSwiftPackageProductDependency section */

/* Begin XCVersionGroup section */
		0742F49C2B0FFC8700B95465 /* OuterSpace.xcdatamodeld */ = {
			isa = XCVersionGroup;
			children = (
				0742F49D2B0FFC8700B95465 /* OuterSpace.xcdatamodel */,
			);
			currentVersion = 0742F49D2B0FFC8700B95465 /* OuterSpace.xcdatamodel */;
			path = OuterSpace.xcdatamodeld;
			sourceTree = "<group>";
			versionGroupType = wrapper.xcdatamodel;
		};
/* End XCVersionGroup section */
	};
	rootObject = 07A626982B06C6480013FE80 /* Project object */;
}
